// !$*UTF8*$!
{
	archiveVersion = 1;
	classes = {
	};
	objectVersion = 46;
	objects = {

/* Begin PBXBuildFile section */
		5207206E18A62CC1005A6804 /* Foundation.framework in Frameworks */ = {isa = PBXBuildFile; fileRef = 5207206D18A62CC1005A6804 /* Foundation.framework */; };
		5207207018A62CC1005A6804 /* CoreGraphics.framework in Frameworks */ = {isa = PBXBuildFile; fileRef = 5207206F18A62CC1005A6804 /* CoreGraphics.framework */; };
		5207207218A62CC1005A6804 /* UIKit.framework in Frameworks */ = {isa = PBXBuildFile; fileRef = 5207207118A62CC1005A6804 /* UIKit.framework */; };
		5207207418A62CC1005A6804 /* CoreData.framework in Frameworks */ = {isa = PBXBuildFile; fileRef = 5207207318A62CC1005A6804 /* CoreData.framework */; };
		5207207A18A62CC1005A6804 /* InfoPlist.strings in Resources */ = {isa = PBXBuildFile; fileRef = 5207207818A62CC1005A6804 /* InfoPlist.strings */; };
		5207207C18A62CC1005A6804 /* main.m in Sources */ = {isa = PBXBuildFile; fileRef = 5207207B18A62CC1005A6804 /* main.m */; };
		5207208018A62CC1005A6804 /* AppDelegate.m in Sources */ = {isa = PBXBuildFile; fileRef = 5207207F18A62CC1005A6804 /* AppDelegate.m */; };
		5207208318A62CC1005A6804 /* AppDemo.xcdatamodeld in Sources */ = {isa = PBXBuildFile; fileRef = 5207208118A62CC1005A6804 /* AppDemo.xcdatamodeld */; };
		5207208518A62CC1005A6804 /* Images.xcassets in Resources */ = {isa = PBXBuildFile; fileRef = 5207208418A62CC1005A6804 /* Images.xcassets */; };
		5207208C18A62CC1005A6804 /* XCTest.framework in Frameworks */ = {isa = PBXBuildFile; fileRef = 5207208B18A62CC1005A6804 /* XCTest.framework */; };
		5207208D18A62CC1005A6804 /* Foundation.framework in Frameworks */ = {isa = PBXBuildFile; fileRef = 5207206D18A62CC1005A6804 /* Foundation.framework */; };
		5207208E18A62CC1005A6804 /* UIKit.framework in Frameworks */ = {isa = PBXBuildFile; fileRef = 5207207118A62CC1005A6804 /* UIKit.framework */; };
		5207208F18A62CC1005A6804 /* CoreData.framework in Frameworks */ = {isa = PBXBuildFile; fileRef = 5207207318A62CC1005A6804 /* CoreData.framework */; };
		5207209718A62CC1005A6804 /* InfoPlist.strings in Resources */ = {isa = PBXBuildFile; fileRef = 5207209518A62CC1005A6804 /* InfoPlist.strings */; };
		5207209918A62CC1005A6804 /* AppDemoTests.m in Sources */ = {isa = PBXBuildFile; fileRef = 5207209818A62CC1005A6804 /* AppDemoTests.m */; };
		5212DF6118AD6BB90001542C /* ViewControllerDemoUIBarButtonItem.m in Sources */ = {isa = PBXBuildFile; fileRef = 5212DF6018AD6BB90001542C /* ViewControllerDemoUIBarButtonItem.m */; };
		5212DF6718AD70CD0001542C /* ViewControllerDemoUITab1.m in Sources */ = {isa = PBXBuildFile; fileRef = 5212DF6618AD70CD0001542C /* ViewControllerDemoUITab1.m */; };
		5212DF6A18AD70E00001542C /* ViewControllerDemoUITab2.m in Sources */ = {isa = PBXBuildFile; fileRef = 5212DF6918AD70E00001542C /* ViewControllerDemoUITab2.m */; };
		524DAAE118AAC3CD008E5AB4 /* ViewControllerDemoUIDatePicker.m in Sources */ = {isa = PBXBuildFile; fileRef = 524DAAD818AAC3CD008E5AB4 /* ViewControllerDemoUIDatePicker.m */; };
		524DAAE218AAC3CD008E5AB4 /* ViewControllerDemoUIDatePicker2.m in Sources */ = {isa = PBXBuildFile; fileRef = 524DAADA18AAC3CD008E5AB4 /* ViewControllerDemoUIDatePicker2.m */; };
		524DAAE318AAC3CD008E5AB4 /* ViewControllerDemoUIPicker.m in Sources */ = {isa = PBXBuildFile; fileRef = 524DAADC18AAC3CD008E5AB4 /* ViewControllerDemoUIPicker.m */; };
		524DAAE418AAC3CD008E5AB4 /* ViewControllerDemoUISlider.m in Sources */ = {isa = PBXBuildFile; fileRef = 524DAADE18AAC3CD008E5AB4 /* ViewControllerDemoUISlider.m */; };
		524DAAE518AAC3CD008E5AB4 /* ViewControllerDemoUISwitch.m in Sources */ = {isa = PBXBuildFile; fileRef = 524DAAE018AAC3CD008E5AB4 /* ViewControllerDemoUISwitch.m */; };
		524DAAE918AAC4BB008E5AB4 /* ViewControllerDemoAlert2.m in Sources */ = {isa = PBXBuildFile; fileRef = 524DAAE718AAC4BB008E5AB4 /* ViewControllerDemoAlert2.m */; };
		524DAAED18AAC623008E5AB4 /* ViewControllerDemoUISegmentedControl.m in Sources */ = {isa = PBXBuildFile; fileRef = 524DAAEC18AAC623008E5AB4 /* ViewControllerDemoUISegmentedControl.m */; };
		52D6399A18B0C1F6001F787C /* ViewControllerDemoButton.m in Sources */ = {isa = PBXBuildFile; fileRef = 52D6399918B0C1F6001F787C /* ViewControllerDemoButton.m */; };
		52D639A218B0C2A9001F787C /* Company.m in Sources */ = {isa = PBXBuildFile; fileRef = 52D6399C18B0C2A9001F787C /* Company.m */; };
		52D639A318B0C2A9001F787C /* Department.m in Sources */ = {isa = PBXBuildFile; fileRef = 52D6399E18B0C2A9001F787C /* Department.m */; };
		52D639A418B0C2A9001F787C /* Employee.m in Sources */ = {isa = PBXBuildFile; fileRef = 52D639A018B0C2A9001F787C /* Employee.m */; };
		52D639AA18B0C2B2001F787C /* ObjectiveCLanguageDemo.m in Sources */ = {isa = PBXBuildFile; fileRef = 52D639A618B0C2B2001F787C /* ObjectiveCLanguageDemo.m */; };
		52D639AB18B0C2B2001F787C /* Project.m in Sources */ = {isa = PBXBuildFile; fileRef = 52D639A918B0C2B2001F787C /* Project.m */; };
		52D639AE18B0C2F4001F787C /* Person.m in Sources */ = {isa = PBXBuildFile; fileRef = 52D639AD18B0C2F4001F787C /* Person.m */; };
		52D639B118B0C890001F787C /* ViewControllerDemoUIImage.m in Sources */ = {isa = PBXBuildFile; fileRef = 52D639B018B0C890001F787C /* ViewControllerDemoUIImage.m */; };
		52D639B318B0CA9B001F787C /* mac1.jpg in Resources */ = {isa = PBXBuildFile; fileRef = 52D639B218B0CA9B001F787C /* mac1.jpg */; };
		52DB789B18A77E030095189F /* MainViewController.m in Sources */ = {isa = PBXBuildFile; fileRef = 52DB789A18A77E030095189F /* MainViewController.m */; };
		52DB789E18A77F9E0095189F /* ViewControllerDemoAlert.m in Sources */ = {isa = PBXBuildFile; fileRef = 52DB789D18A77F9E0095189F /* ViewControllerDemoAlert.m */; };
/* End PBXBuildFile section */

/* Begin PBXContainerItemProxy section */
		5207209018A62CC1005A6804 /* PBXContainerItemProxy */ = {
			isa = PBXContainerItemProxy;
			containerPortal = 5207206218A62CC1005A6804 /* Project object */;
			proxyType = 1;
			remoteGlobalIDString = 5207206918A62CC1005A6804;
			remoteInfo = AppDemo;
		};
/* End PBXContainerItemProxy section */

/* Begin PBXFileReference section */
		5207206A18A62CC1005A6804 /* AppDemo.app */ = {isa = PBXFileReference; explicitFileType = wrapper.application; includeInIndex = 0; path = AppDemo.app; sourceTree = BUILT_PRODUCTS_DIR; };
		5207206D18A62CC1005A6804 /* Foundation.framework */ = {isa = PBXFileReference; lastKnownFileType = wrapper.framework; name = Foundation.framework; path = System/Library/Frameworks/Foundation.framework; sourceTree = SDKROOT; };
		5207206F18A62CC1005A6804 /* CoreGraphics.framework */ = {isa = PBXFileReference; lastKnownFileType = wrapper.framework; name = CoreGraphics.framework; path = System/Library/Frameworks/CoreGraphics.framework; sourceTree = SDKROOT; };
		5207207118A62CC1005A6804 /* UIKit.framework */ = {isa = PBXFileReference; lastKnownFileType = wrapper.framework; name = UIKit.framework; path = System/Library/Frameworks/UIKit.framework; sourceTree = SDKROOT; };
		5207207318A62CC1005A6804 /* CoreData.framework */ = {isa = PBXFileReference; lastKnownFileType = wrapper.framework; name = CoreData.framework; path = System/Library/Frameworks/CoreData.framework; sourceTree = SDKROOT; };
		5207207718A62CC1005A6804 /* AppDemo-Info.plist */ = {isa = PBXFileReference; lastKnownFileType = text.plist.xml; path = "AppDemo-Info.plist"; sourceTree = "<group>"; };
		5207207918A62CC1005A6804 /* en */ = {isa = PBXFileReference; lastKnownFileType = text.plist.strings; name = en; path = en.lproj/InfoPlist.strings; sourceTree = "<group>"; };
		5207207B18A62CC1005A6804 /* main.m */ = {isa = PBXFileReference; lastKnownFileType = sourcecode.c.objc; path = main.m; sourceTree = "<group>"; };
		5207207D18A62CC1005A6804 /* AppDemo-Prefix.pch */ = {isa = PBXFileReference; lastKnownFileType = sourcecode.c.h; path = "AppDemo-Prefix.pch"; sourceTree = "<group>"; };
		5207207E18A62CC1005A6804 /* AppDelegate.h */ = {isa = PBXFileReference; lastKnownFileType = sourcecode.c.h; path = AppDelegate.h; sourceTree = "<group>"; };
		5207207F18A62CC1005A6804 /* AppDelegate.m */ = {isa = PBXFileReference; lastKnownFileType = sourcecode.c.objc; path = AppDelegate.m; sourceTree = "<group>"; };
		5207208218A62CC1005A6804 /* AppDemo.xcdatamodel */ = {isa = PBXFileReference; lastKnownFileType = wrapper.xcdatamodel; path = AppDemo.xcdatamodel; sourceTree = "<group>"; };
		5207208418A62CC1005A6804 /* Images.xcassets */ = {isa = PBXFileReference; lastKnownFileType = folder.assetcatalog; path = Images.xcassets; sourceTree = "<group>"; };
		5207208A18A62CC1005A6804 /* AppDemoTests.xctest */ = {isa = PBXFileReference; explicitFileType = wrapper.cfbundle; includeInIndex = 0; path = AppDemoTests.xctest; sourceTree = BUILT_PRODUCTS_DIR; };
		5207208B18A62CC1005A6804 /* XCTest.framework */ = {isa = PBXFileReference; lastKnownFileType = wrapper.framework; name = XCTest.framework; path = Library/Frameworks/XCTest.framework; sourceTree = DEVELOPER_DIR; };
		5207209418A62CC1005A6804 /* AppDemoTests-Info.plist */ = {isa = PBXFileReference; lastKnownFileType = text.plist.xml; path = "AppDemoTests-Info.plist"; sourceTree = "<group>"; };
		5207209618A62CC1005A6804 /* en */ = {isa = PBXFileReference; lastKnownFileType = text.plist.strings; name = en; path = en.lproj/InfoPlist.strings; sourceTree = "<group>"; };
		5207209818A62CC1005A6804 /* AppDemoTests.m */ = {isa = PBXFileReference; lastKnownFileType = sourcecode.c.objc; path = AppDemoTests.m; sourceTree = "<group>"; };
		5212DF5F18AD6BB90001542C /* ViewControllerDemoUIBarButtonItem.h */ = {isa = PBXFileReference; fileEncoding = 4; lastKnownFileType = sourcecode.c.h; path = ViewControllerDemoUIBarButtonItem.h; sourceTree = "<group>"; };
		5212DF6018AD6BB90001542C /* ViewControllerDemoUIBarButtonItem.m */ = {isa = PBXFileReference; fileEncoding = 4; lastKnownFileType = sourcecode.c.objc; path = ViewControllerDemoUIBarButtonItem.m; sourceTree = "<group>"; };
		5212DF6518AD70CD0001542C /* ViewControllerDemoUITab1.h */ = {isa = PBXFileReference; fileEncoding = 4; lastKnownFileType = sourcecode.c.h; path = ViewControllerDemoUITab1.h; sourceTree = "<group>"; };
		5212DF6618AD70CD0001542C /* ViewControllerDemoUITab1.m */ = {isa = PBXFileReference; fileEncoding = 4; lastKnownFileType = sourcecode.c.objc; path = ViewControllerDemoUITab1.m; sourceTree = "<group>"; };
		5212DF6818AD70E00001542C /* ViewControllerDemoUITab2.h */ = {isa = PBXFileReference; fileEncoding = 4; lastKnownFileType = sourcecode.c.h; path = ViewControllerDemoUITab2.h; sourceTree = "<group>"; };
		5212DF6918AD70E00001542C /* ViewControllerDemoUITab2.m */ = {isa = PBXFileReference; fileEncoding = 4; lastKnownFileType = sourcecode.c.objc; path = ViewControllerDemoUITab2.m; sourceTree = "<group>"; };
		524DAAD718AAC3CD008E5AB4 /* ViewControllerDemoUIDatePicker.h */ = {isa = PBXFileReference; fileEncoding = 4; lastKnownFileType = sourcecode.c.h; path = ViewControllerDemoUIDatePicker.h; sourceTree = "<group>"; };
		524DAAD818AAC3CD008E5AB4 /* ViewControllerDemoUIDatePicker.m */ = {isa = PBXFileReference; fileEncoding = 4; lastKnownFileType = sourcecode.c.objc; path = ViewControllerDemoUIDatePicker.m; sourceTree = "<group>"; };
		524DAAD918AAC3CD008E5AB4 /* ViewControllerDemoUIDatePicker2.h */ = {isa = PBXFileReference; fileEncoding = 4; lastKnownFileType = sourcecode.c.h; path = ViewControllerDemoUIDatePicker2.h; sourceTree = "<group>"; };
		524DAADA18AAC3CD008E5AB4 /* ViewControllerDemoUIDatePicker2.m */ = {isa = PBXFileReference; fileEncoding = 4; lastKnownFileType = sourcecode.c.objc; path = ViewControllerDemoUIDatePicker2.m; sourceTree = "<group>"; };
		524DAADB18AAC3CD008E5AB4 /* ViewControllerDemoUIPicker.h */ = {isa = PBXFileReference; fileEncoding = 4; lastKnownFileType = sourcecode.c.h; path = ViewControllerDemoUIPicker.h; sourceTree = "<group>"; };
		524DAADC18AAC3CD008E5AB4 /* ViewControllerDemoUIPicker.m */ = {isa = PBXFileReference; fileEncoding = 4; lastKnownFileType = sourcecode.c.objc; path = ViewControllerDemoUIPicker.m; sourceTree = "<group>"; };
		524DAADD18AAC3CD008E5AB4 /* ViewControllerDemoUISlider.h */ = {isa = PBXFileReference; fileEncoding = 4; lastKnownFileType = sourcecode.c.h; path = ViewControllerDemoUISlider.h; sourceTree = "<group>"; };
		524DAADE18AAC3CD008E5AB4 /* ViewControllerDemoUISlider.m */ = {isa = PBXFileReference; fileEncoding = 4; lastKnownFileType = sourcecode.c.objc; path = ViewControllerDemoUISlider.m; sourceTree = "<group>"; };
		524DAADF18AAC3CD008E5AB4 /* ViewControllerDemoUISwitch.h */ = {isa = PBXFileReference; fileEncoding = 4; lastKnownFileType = sourcecode.c.h; path = ViewControllerDemoUISwitch.h; sourceTree = "<group>"; };
		524DAAE018AAC3CD008E5AB4 /* ViewControllerDemoUISwitch.m */ = {isa = PBXFileReference; fileEncoding = 4; lastKnownFileType = sourcecode.c.objc; path = ViewControllerDemoUISwitch.m; sourceTree = "<group>"; };
		524DAAE618AAC4BB008E5AB4 /* ViewControllerDemoAlert2.h */ = {isa = PBXFileReference; fileEncoding = 4; lastKnownFileType = sourcecode.c.h; path = ViewControllerDemoAlert2.h; sourceTree = "<group>"; };
		524DAAE718AAC4BB008E5AB4 /* ViewControllerDemoAlert2.m */ = {isa = PBXFileReference; fileEncoding = 4; lastKnownFileType = sourcecode.c.objc; path = ViewControllerDemoAlert2.m; sourceTree = "<group>"; };
		524DAAEB18AAC5D0008E5AB4 /* ViewControllerDemoUISegmentedControl.h */ = {isa = PBXFileReference; fileEncoding = 4; lastKnownFileType = sourcecode.c.h; path = ViewControllerDemoUISegmentedControl.h; sourceTree = "<group>"; };
		524DAAEC18AAC623008E5AB4 /* ViewControllerDemoUISegmentedControl.m */ = {isa = PBXFileReference; fileEncoding = 4; lastKnownFileType = sourcecode.c.objc; path = ViewControllerDemoUISegmentedControl.m; sourceTree = "<group>"; };
		52D6399818B0C1F6001F787C /* ViewControllerDemoButton.h */ = {isa = PBXFileReference; fileEncoding = 4; lastKnownFileType = sourcecode.c.h; path = ViewControllerDemoButton.h; sourceTree = "<group>"; };
		52D6399918B0C1F6001F787C /* ViewControllerDemoButton.m */ = {isa = PBXFileReference; fileEncoding = 4; lastKnownFileType = sourcecode.c.objc; path = ViewControllerDemoButton.m; sourceTree = "<group>"; };
		52D6399B18B0C2A9001F787C /* Company.h */ = {isa = PBXFileReference; fileEncoding = 4; lastKnownFileType = sourcecode.c.h; path = Company.h; sourceTree = "<group>"; };
		52D6399C18B0C2A9001F787C /* Company.m */ = {isa = PBXFileReference; fileEncoding = 4; lastKnownFileType = sourcecode.c.objc; path = Company.m; sourceTree = "<group>"; };
		52D6399D18B0C2A9001F787C /* Department.h */ = {isa = PBXFileReference; fileEncoding = 4; lastKnownFileType = sourcecode.c.h; path = Department.h; sourceTree = "<group>"; };
		52D6399E18B0C2A9001F787C /* Department.m */ = {isa = PBXFileReference; fileEncoding = 4; lastKnownFileType = sourcecode.c.objc; path = Department.m; sourceTree = "<group>"; };
		52D6399F18B0C2A9001F787C /* Employee.h */ = {isa = PBXFileReference; fileEncoding = 4; lastKnownFileType = sourcecode.c.h; path = Employee.h; sourceTree = "<group>"; };
		52D639A018B0C2A9001F787C /* Employee.m */ = {isa = PBXFileReference; fileEncoding = 4; lastKnownFileType = sourcecode.c.objc; path = Employee.m; sourceTree = "<group>"; };
		52D639A118B0C2A9001F787C /* EmployeeProtocol.h */ = {isa = PBXFileReference; fileEncoding = 4; lastKnownFileType = sourcecode.c.h; path = EmployeeProtocol.h; sourceTree = "<group>"; };
		52D639A518B0C2B2001F787C /* ObjectiveCLanguageDemo.h */ = {isa = PBXFileReference; fileEncoding = 4; lastKnownFileType = sourcecode.c.h; path = ObjectiveCLanguageDemo.h; sourceTree = "<group>"; };
		52D639A618B0C2B2001F787C /* ObjectiveCLanguageDemo.m */ = {isa = PBXFileReference; fileEncoding = 4; lastKnownFileType = sourcecode.c.objc; path = ObjectiveCLanguageDemo.m; sourceTree = "<group>"; };
		52D639A718B0C2B2001F787C /* PersonProtocol.h */ = {isa = PBXFileReference; fileEncoding = 4; lastKnownFileType = sourcecode.c.h; path = PersonProtocol.h; sourceTree = "<group>"; };
		52D639A818B0C2B2001F787C /* Project.h */ = {isa = PBXFileReference; fileEncoding = 4; lastKnownFileType = sourcecode.c.h; path = Project.h; sourceTree = "<group>"; };
		52D639A918B0C2B2001F787C /* Project.m */ = {isa = PBXFileReference; fileEncoding = 4; lastKnownFileType = sourcecode.c.objc; path = Project.m; sourceTree = "<group>"; };
		52D639AC18B0C2F4001F787C /* Person.h */ = {isa = PBXFileReference; fileEncoding = 4; lastKnownFileType = sourcecode.c.h; path = Person.h; sourceTree = "<group>"; };
		52D639AD18B0C2F4001F787C /* Person.m */ = {isa = PBXFileReference; fileEncoding = 4; lastKnownFileType = sourcecode.c.objc; path = Person.m; sourceTree = "<group>"; };
		52D639AF18B0C890001F787C /* ViewControllerDemoUIImage.h */ = {isa = PBXFileReference; fileEncoding = 4; lastKnownFileType = sourcecode.c.h; path = ViewControllerDemoUIImage.h; sourceTree = "<group>"; };
		52D639B018B0C890001F787C /* ViewControllerDemoUIImage.m */ = {isa = PBXFileReference; fileEncoding = 4; lastKnownFileType = sourcecode.c.objc; path = ViewControllerDemoUIImage.m; sourceTree = "<group>"; };
		52D639B218B0CA9B001F787C /* mac1.jpg */ = {isa = PBXFileReference; lastKnownFileType = image.jpeg; path = mac1.jpg; sourceTree = "<group>"; };
		52DB789918A77E030095189F /* MainViewController.h */ = {isa = PBXFileReference; fileEncoding = 4; lastKnownFileType = sourcecode.c.h; path = MainViewController.h; sourceTree = "<group>"; };
		52DB789A18A77E030095189F /* MainViewController.m */ = {isa = PBXFileReference; fileEncoding = 4; lastKnownFileType = sourcecode.c.objc; path = MainViewController.m; sourceTree = "<group>"; };
		52DB789C18A77F9E0095189F /* ViewControllerDemoAlert.h */ = {isa = PBXFileReference; fileEncoding = 4; lastKnownFileType = sourcecode.c.h; path = ViewControllerDemoAlert.h; sourceTree = "<group>"; };
		52DB789D18A77F9E0095189F /* ViewControllerDemoAlert.m */ = {isa = PBXFileReference; fileEncoding = 4; lastKnownFileType = sourcecode.c.objc; path = ViewControllerDemoAlert.m; sourceTree = "<group>"; };
/* End PBXFileReference section */

/* Begin PBXFrameworksBuildPhase section */
		5207206718A62CC1005A6804 /* Frameworks */ = {
			isa = PBXFrameworksBuildPhase;
			buildActionMask = 2147483647;
			files = (
				5207207018A62CC1005A6804 /* CoreGraphics.framework in Frameworks */,
				5207207418A62CC1005A6804 /* CoreData.framework in Frameworks */,
				5207207218A62CC1005A6804 /* UIKit.framework in Frameworks */,
				5207206E18A62CC1005A6804 /* Foundation.framework in Frameworks */,
			);
			runOnlyForDeploymentPostprocessing = 0;
		};
		5207208718A62CC1005A6804 /* Frameworks */ = {
			isa = PBXFrameworksBuildPhase;
			buildActionMask = 2147483647;
			files = (
				5207208C18A62CC1005A6804 /* XCTest.framework in Frameworks */,
				5207208F18A62CC1005A6804 /* CoreData.framework in Frameworks */,
				5207208E18A62CC1005A6804 /* UIKit.framework in Frameworks */,
				5207208D18A62CC1005A6804 /* Foundation.framework in Frameworks */,
			);
			runOnlyForDeploymentPostprocessing = 0;
		};
/* End PBXFrameworksBuildPhase section */

/* Begin PBXGroup section */
		5207206118A62CC1005A6804 = {
			isa = PBXGroup;
			children = (
				5207207518A62CC1005A6804 /* AppDemo */,
				5207209218A62CC1005A6804 /* AppDemoTests */,
				5207206C18A62CC1005A6804 /* Frameworks */,
				5207206B18A62CC1005A6804 /* Products */,
			);
			sourceTree = "<group>";
		};
		5207206B18A62CC1005A6804 /* Products */ = {
			isa = PBXGroup;
			children = (
				5207206A18A62CC1005A6804 /* AppDemo.app */,
				5207208A18A62CC1005A6804 /* AppDemoTests.xctest */,
			);
			name = Products;
			sourceTree = "<group>";
		};
		5207206C18A62CC1005A6804 /* Frameworks */ = {
			isa = PBXGroup;
			children = (
				5207206D18A62CC1005A6804 /* Foundation.framework */,
				5207206F18A62CC1005A6804 /* CoreGraphics.framework */,
				5207207118A62CC1005A6804 /* UIKit.framework */,
				5207207318A62CC1005A6804 /* CoreData.framework */,
				5207208B18A62CC1005A6804 /* XCTest.framework */,
			);
			name = Frameworks;
			sourceTree = "<group>";
		};
		5207207518A62CC1005A6804 /* AppDemo */ = {
			isa = PBXGroup;
			children = (
				52D639B218B0CA9B001F787C /* mac1.jpg */,
				52D639AC18B0C2F4001F787C /* Person.h */,
				52D639AD18B0C2F4001F787C /* Person.m */,
				52D639A518B0C2B2001F787C /* ObjectiveCLanguageDemo.h */,
				52D639A618B0C2B2001F787C /* ObjectiveCLanguageDemo.m */,
				52D639A718B0C2B2001F787C /* PersonProtocol.h */,
				52D639A818B0C2B2001F787C /* Project.h */,
				52D639A918B0C2B2001F787C /* Project.m */,
				52D6399B18B0C2A9001F787C /* Company.h */,
				52D6399C18B0C2A9001F787C /* Company.m */,
				52D6399D18B0C2A9001F787C /* Department.h */,
				52D6399E18B0C2A9001F787C /* Department.m */,
				52D6399F18B0C2A9001F787C /* Employee.h */,
				52D639A018B0C2A9001F787C /* Employee.m */,
				52D639A118B0C2A9001F787C /* EmployeeProtocol.h */,
				52D6399818B0C1F6001F787C /* ViewControllerDemoButton.h */,
				52D6399918B0C1F6001F787C /* ViewControllerDemoButton.m */,
				5212DF6818AD70E00001542C /* ViewControllerDemoUITab2.h */,
				5212DF6918AD70E00001542C /* ViewControllerDemoUITab2.m */,
				5212DF6518AD70CD0001542C /* ViewControllerDemoUITab1.h */,
				5212DF6618AD70CD0001542C /* ViewControllerDemoUITab1.m */,
				5212DF6018AD6BB90001542C /* ViewControllerDemoUIBarButtonItem.m */,
				5212DF5F18AD6BB90001542C /* ViewControllerDemoUIBarButtonItem.h */,
				524DAAEB18AAC5D0008E5AB4 /* ViewControllerDemoUISegmentedControl.h */,
				524DAAEC18AAC623008E5AB4 /* ViewControllerDemoUISegmentedControl.m */,
				524DAAE618AAC4BB008E5AB4 /* ViewControllerDemoAlert2.h */,
				524DAAE718AAC4BB008E5AB4 /* ViewControllerDemoAlert2.m */,
				524DAAD718AAC3CD008E5AB4 /* ViewControllerDemoUIDatePicker.h */,
				524DAAD818AAC3CD008E5AB4 /* ViewControllerDemoUIDatePicker.m */,
				524DAAD918AAC3CD008E5AB4 /* ViewControllerDemoUIDatePicker2.h */,
				524DAADA18AAC3CD008E5AB4 /* ViewControllerDemoUIDatePicker2.m */,
				524DAADB18AAC3CD008E5AB4 /* ViewControllerDemoUIPicker.h */,
				524DAADC18AAC3CD008E5AB4 /* ViewControllerDemoUIPicker.m */,
				524DAADD18AAC3CD008E5AB4 /* ViewControllerDemoUISlider.h */,
				524DAADE18AAC3CD008E5AB4 /* ViewControllerDemoUISlider.m */,
				524DAADF18AAC3CD008E5AB4 /* ViewControllerDemoUISwitch.h */,
				524DAAE018AAC3CD008E5AB4 /* ViewControllerDemoUISwitch.m */,
				52DB789C18A77F9E0095189F /* ViewControllerDemoAlert.h */,
				52DB789D18A77F9E0095189F /* ViewControllerDemoAlert.m */,
				52D639AF18B0C890001F787C /* ViewControllerDemoUIImage.h */,
				52D639B018B0C890001F787C /* ViewControllerDemoUIImage.m */,
				52DB789A18A77E030095189F /* MainViewController.m */,
				52DB789918A77E030095189F /* MainViewController.h */,
				5207207E18A62CC1005A6804 /* AppDelegate.h */,
				5207207F18A62CC1005A6804 /* AppDelegate.m */,
				5207208418A62CC1005A6804 /* Images.xcassets */,
				5207208118A62CC1005A6804 /* AppDemo.xcdatamodeld */,
				5207207618A62CC1005A6804 /* Supporting Files */,
			);
			path = AppDemo;
			sourceTree = "<group>";
		};
		5207207618A62CC1005A6804 /* Supporting Files */ = {
			isa = PBXGroup;
			children = (
				5207207718A62CC1005A6804 /* AppDemo-Info.plist */,
				5207207818A62CC1005A6804 /* InfoPlist.strings */,
				5207207B18A62CC1005A6804 /* main.m */,
				5207207D18A62CC1005A6804 /* AppDemo-Prefix.pch */,
			);
			name = "Supporting Files";
			sourceTree = "<group>";
		};
		5207209218A62CC1005A6804 /* AppDemoTests */ = {
			isa = PBXGroup;
			children = (
				5207209818A62CC1005A6804 /* AppDemoTests.m */,
				5207209318A62CC1005A6804 /* Supporting Files */,
			);
			path = AppDemoTests;
			sourceTree = "<group>";
		};
		5207209318A62CC1005A6804 /* Supporting Files */ = {
			isa = PBXGroup;
			children = (
				5207209418A62CC1005A6804 /* AppDemoTests-Info.plist */,
				5207209518A62CC1005A6804 /* InfoPlist.strings */,
			);
			name = "Supporting Files";
			sourceTree = "<group>";
		};
/* End PBXGroup section */

/* Begin PBXNativeTarget section */
		5207206918A62CC1005A6804 /* AppDemo */ = {
			isa = PBXNativeTarget;
			buildConfigurationList = 5207209C18A62CC1005A6804 /* Build configuration list for PBXNativeTarget "AppDemo" */;
			buildPhases = (
				5207206618A62CC1005A6804 /* Sources */,
				5207206718A62CC1005A6804 /* Frameworks */,
				5207206818A62CC1005A6804 /* Resources */,
			);
			buildRules = (
			);
			dependencies = (
			);
			name = AppDemo;
			productName = AppDemo;
			productReference = 5207206A18A62CC1005A6804 /* AppDemo.app */;
			productType = "com.apple.product-type.application";
		};
		5207208918A62CC1005A6804 /* AppDemoTests */ = {
			isa = PBXNativeTarget;
			buildConfigurationList = 5207209F18A62CC1005A6804 /* Build configuration list for PBXNativeTarget "AppDemoTests" */;
			buildPhases = (
				5207208618A62CC1005A6804 /* Sources */,
				5207208718A62CC1005A6804 /* Frameworks */,
				5207208818A62CC1005A6804 /* Resources */,
			);
			buildRules = (
			);
			dependencies = (
				5207209118A62CC1005A6804 /* PBXTargetDependency */,
			);
			name = AppDemoTests;
			productName = AppDemoTests;
			productReference = 5207208A18A62CC1005A6804 /* AppDemoTests.xctest */;
			productType = "com.apple.product-type.bundle.unit-test";
		};
/* End PBXNativeTarget section */

/* Begin PBXProject section */
		5207206218A62CC1005A6804 /* Project object */ = {
			isa = PBXProject;
			attributes = {
				LastUpgradeCheck = 0500;
				ORGANIZATIONNAME = Paolo;
				TargetAttributes = {
					5207208918A62CC1005A6804 = {
						TestTargetID = 5207206918A62CC1005A6804;
					};
				};
			};
			buildConfigurationList = 5207206518A62CC1005A6804 /* Build configuration list for PBXProject "AppDemo" */;
			compatibilityVersion = "Xcode 3.2";
			developmentRegion = English;
			hasScannedForEncodings = 0;
			knownRegions = (
				en,
			);
			mainGroup = 5207206118A62CC1005A6804;
			productRefGroup = 5207206B18A62CC1005A6804 /* Products */;
			projectDirPath = "";
			projectRoot = "";
			targets = (
				5207206918A62CC1005A6804 /* AppDemo */,
				5207208918A62CC1005A6804 /* AppDemoTests */,
			);
		};
/* End PBXProject section */

/* Begin PBXResourcesBuildPhase section */
		5207206818A62CC1005A6804 /* Resources */ = {
			isa = PBXResourcesBuildPhase;
			buildActionMask = 2147483647;
			files = (
				5207207A18A62CC1005A6804 /* InfoPlist.strings in Resources */,
				52D639B318B0CA9B001F787C /* mac1.jpg in Resources */,
				5207208518A62CC1005A6804 /* Images.xcassets in Resources */,
			);
			runOnlyForDeploymentPostprocessing = 0;
		};
		5207208818A62CC1005A6804 /* Resources */ = {
			isa = PBXResourcesBuildPhase;
			buildActionMask = 2147483647;
			files = (
				5207209718A62CC1005A6804 /* InfoPlist.strings in Resources */,
			);
			runOnlyForDeploymentPostprocessing = 0;
		};
/* End PBXResourcesBuildPhase section */

/* Begin PBXSourcesBuildPhase section */
		5207206618A62CC1005A6804 /* Sources */ = {
			isa = PBXSourcesBuildPhase;
			buildActionMask = 2147483647;
			files = (
				52D639AA18B0C2B2001F787C /* ObjectiveCLanguageDemo.m in Sources */,
				524DAAE318AAC3CD008E5AB4 /* ViewControllerDemoUIPicker.m in Sources */,
				524DAAE918AAC4BB008E5AB4 /* ViewControllerDemoAlert2.m in Sources */,
				5212DF6118AD6BB90001542C /* ViewControllerDemoUIBarButtonItem.m in Sources */,
				52D6399A18B0C1F6001F787C /* ViewControllerDemoButton.m in Sources */,
				52D639A418B0C2A9001F787C /* Employee.m in Sources */,
				5207208018A62CC1005A6804 /* AppDelegate.m in Sources */,
				52DB789E18A77F9E0095189F /* ViewControllerDemoAlert.m in Sources */,
				52D639A318B0C2A9001F787C /* Department.m in Sources */,
				52D639A218B0C2A9001F787C /* Company.m in Sources */,
				5207208318A62CC1005A6804 /* AppDemo.xcdatamodeld in Sources */,
				5212DF6718AD70CD0001542C /* ViewControllerDemoUITab1.m in Sources */,
				524DAAE518AAC3CD008E5AB4 /* ViewControllerDemoUISwitch.m in Sources */,
				524DAAE418AAC3CD008E5AB4 /* ViewControllerDemoUISlider.m in Sources */,
				52D639AB18B0C2B2001F787C /* Project.m in Sources */,
				524DAAE118AAC3CD008E5AB4 /* ViewControllerDemoUIDatePicker.m in Sources */,
				52D639B118B0C890001F787C /* ViewControllerDemoUIImage.m in Sources */,
				524DAAE218AAC3CD008E5AB4 /* ViewControllerDemoUIDatePicker2.m in Sources */,
				524DAAED18AAC623008E5AB4 /* ViewControllerDemoUISegmentedControl.m in Sources */,
				5207207C18A62CC1005A6804 /* main.m in Sources */,
				52DB789B18A77E030095189F /* MainViewController.m in Sources */,
				52D639AE18B0C2F4001F787C /* Person.m in Sources */,
				5212DF6A18AD70E00001542C /* ViewControllerDemoUITab2.m in Sources */,
			);
			runOnlyForDeploymentPostprocessing = 0;
		};
		5207208618A62CC1005A6804 /* Sources */ = {
			isa = PBXSourcesBuildPhase;
			buildActionMask = 2147483647;
			files = (
				5207209918A62CC1005A6804 /* AppDemoTests.m in Sources */,
			);
			runOnlyForDeploymentPostprocessing = 0;
		};
/* End PBXSourcesBuildPhase section */

/* Begin PBXTargetDependency section */
		5207209118A62CC1005A6804 /* PBXTargetDependency */ = {
			isa = PBXTargetDependency;
			target = 5207206918A62CC1005A6804 /* AppDemo */;
			targetProxy = 5207209018A62CC1005A6804 /* PBXContainerItemProxy */;
		};
/* End PBXTargetDependency section */

/* Begin PBXVariantGroup section */
		5207207818A62CC1005A6804 /* InfoPlist.strings */ = {
			isa = PBXVariantGroup;
			children = (
				5207207918A62CC1005A6804 /* en */,
			);
			name = InfoPlist.strings;
			sourceTree = "<group>";
		};
		5207209518A62CC1005A6804 /* InfoPlist.strings */ = {
			isa = PBXVariantGroup;
			children = (
				5207209618A62CC1005A6804 /* en */,
			);
			name = InfoPlist.strings;
			sourceTree = "<group>";
		};
/* End PBXVariantGroup section */

/* Begin XCBuildConfiguration section */
		5207209A18A62CC1005A6804 /* Debug */ = {
			isa = XCBuildConfiguration;
			buildSettings = {
				ALWAYS_SEARCH_USER_PATHS = NO;
				ARCHS = "$(ARCHS_STANDARD_INCLUDING_64_BIT)";
				CLANG_CXX_LANGUAGE_STANDARD = "gnu++0x";
				CLANG_CXX_LIBRARY = "libc++";
				CLANG_ENABLE_MODULES = YES;
				CLANG_ENABLE_OBJC_ARC = YES;
				CLANG_WARN_BOOL_CONVERSION = YES;
				CLANG_WARN_CONSTANT_CONVERSION = YES;
				CLANG_WARN_DIRECT_OBJC_ISA_USAGE = YES_ERROR;
				CLANG_WARN_EMPTY_BODY = YES;
				CLANG_WARN_ENUM_CONVERSION = YES;
				CLANG_WARN_INT_CONVERSION = YES;
				CLANG_WARN_OBJC_ROOT_CLASS = YES_ERROR;
				CLANG_WARN__DUPLICATE_METHOD_MATCH = YES;
				"CODE_SIGN_IDENTITY[sdk=iphoneos*]" = "iPhone Developer";
				COPY_PHASE_STRIP = NO;
				GCC_C_LANGUAGE_STANDARD = gnu99;
				GCC_DYNAMIC_NO_PIC = NO;
				GCC_OPTIMIZATION_LEVEL = 0;
				GCC_PREPROCESSOR_DEFINITIONS = (
					"DEBUG=1",
					"$(inherited)",
				);
				GCC_SYMBOLS_PRIVATE_EXTERN = NO;
				GCC_WARN_64_TO_32_BIT_CONVERSION = YES;
				GCC_WARN_ABOUT_RETURN_TYPE = YES_ERROR;
				GCC_WARN_UNDECLARED_SELECTOR = YES;
				GCC_WARN_UNINITIALIZED_AUTOS = YES;
				GCC_WARN_UNUSED_FUNCTION = YES;
				GCC_WARN_UNUSED_VARIABLE = YES;
				IPHONEOS_DEPLOYMENT_TARGET = 7.0;
				ONLY_ACTIVE_ARCH = YES;
				SDKROOT = iphoneos;
			};
			name = Debug;
		};
		5207209B18A62CC1005A6804 /* Release */ = {
			isa = XCBuildConfiguration;
			buildSettings = {
				ALWAYS_SEARCH_USER_PATHS = NO;
				ARCHS = "$(ARCHS_STANDARD_INCLUDING_64_BIT)";
				CLANG_CXX_LANGUAGE_STANDARD = "gnu++0x";
				CLANG_CXX_LIBRARY = "libc++";
				CLANG_ENABLE_MODULES = YES;
				CLANG_ENABLE_OBJC_ARC = YES;
				CLANG_WARN_BOOL_CONVERSION = YES;
				CLANG_WARN_CONSTANT_CONVERSION = YES;
				CLANG_WARN_DIRECT_OBJC_ISA_USAGE = YES_ERROR;
				CLANG_WARN_EMPTY_BODY = YES;
				CLANG_WARN_ENUM_CONVERSION = YES;
				CLANG_WARN_INT_CONVERSION = YES;
				CLANG_WARN_OBJC_ROOT_CLASS = YES_ERROR;
				CLANG_WARN__DUPLICATE_METHOD_MATCH = YES;
				"CODE_SIGN_IDENTITY[sdk=iphoneos*]" = "iPhone Developer";
				COPY_PHASE_STRIP = YES;
				ENABLE_NS_ASSERTIONS = NO;
				GCC_C_LANGUAGE_STANDARD = gnu99;
				GCC_WARN_64_TO_32_BIT_CONVERSION = YES;
				GCC_WARN_ABOUT_RETURN_TYPE = YES_ERROR;
				GCC_WARN_UNDECLARED_SELECTOR = YES;
				GCC_WARN_UNINITIALIZED_AUTOS = YES;
				GCC_WARN_UNUSED_FUNCTION = YES;
				GCC_WARN_UNUSED_VARIABLE = YES;
				IPHONEOS_DEPLOYMENT_TARGET = 7.0;
				SDKROOT = iphoneos;
				VALIDATE_PRODUCT = YES;
			};
			name = Release;
		};
		5207209D18A62CC1005A6804 /* Debug */ = {
			isa = XCBuildConfiguration;
			buildSettings = {
				ASSETCATALOG_COMPILER_APPICON_NAME = AppIcon;
				ASSETCATALOG_COMPILER_LAUNCHIMAGE_NAME = LaunchImage;
				GCC_PRECOMPILE_PREFIX_HEADER = YES;
				GCC_PREFIX_HEADER = "AppDemo/AppDemo-Prefix.pch";
				INFOPLIST_FILE = "AppDemo/AppDemo-Info.plist";
				PRODUCT_NAME = "$(TARGET_NAME)";
				WRAPPER_EXTENSION = app;
			};
			name = Debug;
		};
		5207209E18A62CC1005A6804 /* Release */ = {
			isa = XCBuildConfiguration;
			buildSettings = {
				ASSETCATALOG_COMPILER_APPICON_NAME = AppIcon;
				ASSETCATALOG_COMPILER_LAUNCHIMAGE_NAME = LaunchImage;
				GCC_PRECOMPILE_PREFIX_HEADER = YES;
				GCC_PREFIX_HEADER = "AppDemo/AppDemo-Prefix.pch";
				INFOPLIST_FILE = "AppDemo/AppDemo-Info.plist";
				PRODUCT_NAME = "$(TARGET_NAME)";
				WRAPPER_EXTENSION = app;
			};
			name = Release;
		};
		520720A018A62CC1005A6804 /* Debug */ = {
			isa = XCBuildConfiguration;
			buildSettings = {
				ARCHS = "$(ARCHS_STANDARD_INCLUDING_64_BIT)";
				BUNDLE_LOADER = "$(BUILT_PRODUCTS_DIR)/AppDemo.app/AppDemo";
				FRAMEWORK_SEARCH_PATHS = (
					"$(SDKROOT)/Developer/Library/Frameworks",
					"$(inherited)",
					"$(DEVELOPER_FRAMEWORKS_DIR)",
				);
				GCC_PRECOMPILE_PREFIX_HEADER = YES;
				GCC_PREFIX_HEADER = "AppDemo/AppDemo-Prefix.pch";
				GCC_PREPROCESSOR_DEFINITIONS = (
					"DEBUG=1",
					"$(inherited)",
				);
				INFOPLIST_FILE = "AppDemoTests/AppDemoTests-Info.plist";
				PRODUCT_NAME = "$(TARGET_NAME)";
				TEST_HOST = "$(BUNDLE_LOADER)";
				WRAPPER_EXTENSION = xctest;
			};
			name = Debug;
		};
		520720A118A62CC1005A6804 /* Release */ = {
			isa = XCBuildConfiguration;
			buildSettings = {
				ARCHS = "$(ARCHS_STANDARD_INCLUDING_64_BIT)";
				BUNDLE_LOADER = "$(BUILT_PRODUCTS_DIR)/AppDemo.app/AppDemo";
				FRAMEWORK_SEARCH_PATHS = (
					"$(SDKROOT)/Developer/Library/Frameworks",
					"$(inherited)",
					"$(DEVELOPER_FRAMEWORKS_DIR)",
				);
				GCC_PRECOMPILE_PREFIX_HEADER = YES;
				GCC_PREFIX_HEADER = "AppDemo/AppDemo-Prefix.pch";
				INFOPLIST_FILE = "AppDemoTests/AppDemoTests-Info.plist";
				PRODUCT_NAME = "$(TARGET_NAME)";
				TEST_HOST = "$(BUNDLE_LOADER)";
				WRAPPER_EXTENSION = xctest;
			};
			name = Release;
		};
/* End XCBuildConfiguration section */

/* Begin XCConfigurationList section */
		5207206518A62CC1005A6804 /* Build configuration list for PBXProject "AppDemo" */ = {
			isa = XCConfigurationList;
			buildConfigurations = (
				5207209A18A62CC1005A6804 /* Debug */,
				5207209B18A62CC1005A6804 /* Release */,
			);
			defaultConfigurationIsVisible = 0;
			defaultConfigurationName = Release;
		};
		5207209C18A62CC1005A6804 /* Build configuration list for PBXNativeTarget "AppDemo" */ = {
			isa = XCConfigurationList;
			buildConfigurations = (
				5207209D18A62CC1005A6804 /* Debug */,
				5207209E18A62CC1005A6804 /* Release */,
			);
			defaultConfigurationIsVisible = 0;
			defaultConfigurationName = Release;
		};
		5207209F18A62CC1005A6804 /* Build configuration list for PBXNativeTarget "AppDemoTests" */ = {
			isa = XCConfigurationList;
			buildConfigurations = (
				520720A018A62CC1005A6804 /* Debug */,
				520720A118A62CC1005A6804 /* Release */,
			);
			defaultConfigurationIsVisible = 0;
			defaultConfigurationName = Release;
		};
/* End XCConfigurationList section */

/* Begin XCVersionGroup section */
		5207208118A62CC1005A6804 /* AppDemo.xcdatamodeld */ = {
			isa = XCVersionGroup;
			children = (
				5207208218A62CC1005A6804 /* AppDemo.xcdatamodel */,
			);
			currentVersion = 5207208218A62CC1005A6804 /* AppDemo.xcdatamodel */;
			path = AppDemo.xcdatamodeld;
			sourceTree = "<group>";
			versionGroupType = wrapper.xcdatamodel;
		};
/* End XCVersionGroup section */
	};
	rootObject = 5207206218A62CC1005A6804 /* Project object */;
}
